// !$*UTF8*$!
{
	archiveVersion = 1;
	classes = {
	};
	objectVersion = 46;
	objects = {

/* Begin PBXBuildFile section */
		793FCF091B00D35E00FD8D1C /* main.m in Sources */ = {isa = PBXBuildFile; fileRef = 793FCF081B00D35E00FD8D1C /* main.m */; };
		793FCF0C1B00D35E00FD8D1C /* AppDelegate.m in Sources */ = {isa = PBXBuildFile; fileRef = 793FCF0B1B00D35E00FD8D1C /* AppDelegate.m */; };
		793FCF0F1B00D35E00FD8D1C /* FirstViewController.m in Sources */ = {isa = PBXBuildFile; fileRef = 793FCF0E1B00D35E00FD8D1C /* FirstViewController.m */; };
		793FCF151B00D35E00FD8D1C /* Main.storyboard in Resources */ = {isa = PBXBuildFile; fileRef = 793FCF131B00D35E00FD8D1C /* Main.storyboard */; };
		793FCF171B00D35E00FD8D1C /* Images.xcassets in Resources */ = {isa = PBXBuildFile; fileRef = 793FCF161B00D35E00FD8D1C /* Images.xcassets */; };
		793FCF1A1B00D35E00FD8D1C /* LaunchScreen.xib in Resources */ = {isa = PBXBuildFile; fileRef = 793FCF181B00D35E00FD8D1C /* LaunchScreen.xib */; };
		793FCF261B00D35E00FD8D1C /* MapaTests.m in Sources */ = {isa = PBXBuildFile; fileRef = 793FCF251B00D35E00FD8D1C /* MapaTests.m */; };
		793FCF301B00D49400FD8D1C /* MapKit.framework in Frameworks */ = {isa = PBXBuildFile; fileRef = 793FCF2F1B00D49400FD8D1C /* MapKit.framework */; settings = {ATTRIBUTES = (Required, ); }; };
		793FCF321B00D8AD00FD8D1C /* UIKit.framework in Frameworks */ = {isa = PBXBuildFile; fileRef = 793FCF311B00D8AD00FD8D1C /* UIKit.framework */; };
		793FCF341B00D8D700FD8D1C /* Foundation.framework in Frameworks */ = {isa = PBXBuildFile; fileRef = 793FCF331B00D8D700FD8D1C /* Foundation.framework */; };
		793FCF361B00D8EA00FD8D1C /* CoreGraphics.framework in Frameworks */ = {isa = PBXBuildFile; fileRef = 793FCF351B00D8EA00FD8D1C /* CoreGraphics.framework */; };
		7967BE511B0292820047DB98 /* Model.xcdatamodeld in Sources */ = {isa = PBXBuildFile; fileRef = 7967BE4F1B0292820047DB98 /* Model.xcdatamodeld */; };
		7967BE571B0298DD0047DB98 /* FilmeStore.m in Sources */ = {isa = PBXBuildFile; fileRef = 7967BE561B0298DD0047DB98 /* FilmeStore.m */; };
		7967BE5A1B02990F0047DB98 /* Filme.m in Sources */ = {isa = PBXBuildFile; fileRef = 7967BE591B02990F0047DB98 /* Filme.m */; };
		7993EABB1B0378E8004D61BE /* SegundaViewController.m in Sources */ = {isa = PBXBuildFile; fileRef = 7993EABA1B0378E8004D61BE /* SegundaViewController.m */; };
		799A06211B01432F0084FA5A /* MapPin.m in Sources */ = {isa = PBXBuildFile; fileRef = 799A06201B01432F0084FA5A /* MapPin.m */; };
/* End PBXBuildFile section */

/* Begin PBXContainerItemProxy section */
		793FCF201B00D35E00FD8D1C /* PBXContainerItemProxy */ = {
			isa = PBXContainerItemProxy;
			containerPortal = 793FCEFB1B00D35E00FD8D1C /* Project object */;
			proxyType = 1;
			remoteGlobalIDString = 793FCF021B00D35E00FD8D1C;
			remoteInfo = Mapa;
		};
/* End PBXContainerItemProxy section */

/* Begin PBXFileReference section */
		793FCF031B00D35E00FD8D1C /* MapMovies.app */ = {isa = PBXFileReference; explicitFileType = wrapper.application; includeInIndex = 0; path = MapMovies.app; sourceTree = BUILT_PRODUCTS_DIR; };
		793FCF071B00D35E00FD8D1C /* Info.plist */ = {isa = PBXFileReference; lastKnownFileType = text.plist.xml; path = Info.plist; sourceTree = "<group>"; };
		793FCF081B00D35E00FD8D1C /* main.m */ = {isa = PBXFileReference; lastKnownFileType = sourcecode.c.objc; path = main.m; sourceTree = "<group>"; };
		793FCF0A1B00D35E00FD8D1C /* AppDelegate.h */ = {isa = PBXFileReference; lastKnownFileType = sourcecode.c.h; path = AppDelegate.h; sourceTree = "<group>"; };
		793FCF0B1B00D35E00FD8D1C /* AppDelegate.m */ = {isa = PBXFileReference; lastKnownFileType = sourcecode.c.objc; path = AppDelegate.m; sourceTree = "<group>"; };
		793FCF0D1B00D35E00FD8D1C /* FirstViewController.h */ = {isa = PBXFileReference; lastKnownFileType = sourcecode.c.h; path = FirstViewController.h; sourceTree = "<group>"; };
		793FCF0E1B00D35E00FD8D1C /* FirstViewController.m */ = {isa = PBXFileReference; lastKnownFileType = sourcecode.c.objc; path = FirstViewController.m; sourceTree = "<group>"; };
		793FCF141B00D35E00FD8D1C /* Base */ = {isa = PBXFileReference; lastKnownFileType = file.storyboard; name = Base; path = Base.lproj/Main.storyboard; sourceTree = "<group>"; };
		793FCF161B00D35E00FD8D1C /* Images.xcassets */ = {isa = PBXFileReference; lastKnownFileType = folder.assetcatalog; path = Images.xcassets; sourceTree = "<group>"; };
		793FCF191B00D35E00FD8D1C /* Base */ = {isa = PBXFileReference; lastKnownFileType = file.xib; name = Base; path = Base.lproj/LaunchScreen.xib; sourceTree = "<group>"; };
		793FCF1F1B00D35E00FD8D1C /* MapaTests.xctest */ = {isa = PBXFileReference; explicitFileType = wrapper.cfbundle; includeInIndex = 0; path = MapaTests.xctest; sourceTree = BUILT_PRODUCTS_DIR; };
		793FCF241B00D35E00FD8D1C /* Info.plist */ = {isa = PBXFileReference; lastKnownFileType = text.plist.xml; path = Info.plist; sourceTree = "<group>"; };
		793FCF251B00D35E00FD8D1C /* MapaTests.m */ = {isa = PBXFileReference; lastKnownFileType = sourcecode.c.objc; path = MapaTests.m; sourceTree = "<group>"; };
		793FCF2F1B00D49400FD8D1C /* MapKit.framework */ = {isa = PBXFileReference; lastKnownFileType = wrapper.framework; name = MapKit.framework; path = System/Library/Frameworks/MapKit.framework; sourceTree = SDKROOT; };
		793FCF311B00D8AD00FD8D1C /* UIKit.framework */ = {isa = PBXFileReference; lastKnownFileType = wrapper.framework; name = UIKit.framework; path = System/Library/Frameworks/UIKit.framework; sourceTree = SDKROOT; };
		793FCF331B00D8D700FD8D1C /* Foundation.framework */ = {isa = PBXFileReference; lastKnownFileType = wrapper.framework; name = Foundation.framework; path = System/Library/Frameworks/Foundation.framework; sourceTree = SDKROOT; };
		793FCF351B00D8EA00FD8D1C /* CoreGraphics.framework */ = {isa = PBXFileReference; lastKnownFileType = wrapper.framework; name = CoreGraphics.framework; path = System/Library/Frameworks/CoreGraphics.framework; sourceTree = SDKROOT; };
		7967BE501B0292820047DB98 /* Model.xcdatamodel */ = {isa = PBXFileReference; lastKnownFileType = wrapper.xcdatamodel; path = Model.xcdatamodel; sourceTree = "<group>"; };
		7967BE551B0298DD0047DB98 /* FilmeStore.h */ = {isa = PBXFileReference; fileEncoding = 4; lastKnownFileType = sourcecode.c.h; path = FilmeStore.h; sourceTree = "<group>"; };
		7967BE561B0298DD0047DB98 /* FilmeStore.m */ = {isa = PBXFileReference; fileEncoding = 4; lastKnownFileType = sourcecode.c.objc; path = FilmeStore.m; sourceTree = "<group>"; };
		7967BE581B02990F0047DB98 /* Filme.h */ = {isa = PBXFileReference; fileEncoding = 4; lastKnownFileType = sourcecode.c.h; path = Filme.h; sourceTree = "<group>"; };
		7967BE591B02990F0047DB98 /* Filme.m */ = {isa = PBXFileReference; fileEncoding = 4; lastKnownFileType = sourcecode.c.objc; path = Filme.m; sourceTree = "<group>"; };
		7993EAB91B0378E8004D61BE /* SegundaViewController.h */ = {isa = PBXFileReference; fileEncoding = 4; lastKnownFileType = sourcecode.c.h; path = SegundaViewController.h; sourceTree = "<group>"; };
		7993EABA1B0378E8004D61BE /* SegundaViewController.m */ = {isa = PBXFileReference; fileEncoding = 4; lastKnownFileType = sourcecode.c.objc; path = SegundaViewController.m; sourceTree = "<group>"; };
		799A061F1B01432F0084FA5A /* MapPin.h */ = {isa = PBXFileReference; fileEncoding = 4; lastKnownFileType = sourcecode.c.h; path = MapPin.h; sourceTree = "<group>"; };
		799A06201B01432F0084FA5A /* MapPin.m */ = {isa = PBXFileReference; fileEncoding = 4; lastKnownFileType = sourcecode.c.objc; path = MapPin.m; sourceTree = "<group>"; };
/* End PBXFileReference section */

/* Begin PBXFrameworksBuildPhase section */
		793FCF001B00D35E00FD8D1C /* Frameworks */ = {
			isa = PBXFrameworksBuildPhase;
			buildActionMask = 2147483647;
			files = (
				793FCF361B00D8EA00FD8D1C /* CoreGraphics.framework in Frameworks */,
				793FCF341B00D8D700FD8D1C /* Foundation.framework in Frameworks */,
				793FCF321B00D8AD00FD8D1C /* UIKit.framework in Frameworks */,
				793FCF301B00D49400FD8D1C /* MapKit.framework in Frameworks */,
			);
			runOnlyForDeploymentPostprocessing = 0;
		};
		793FCF1C1B00D35E00FD8D1C /* Frameworks */ = {
			isa = PBXFrameworksBuildPhase;
			buildActionMask = 2147483647;
			files = (
			);
			runOnlyForDeploymentPostprocessing = 0;
		};
/* End PBXFrameworksBuildPhase section */

/* Begin PBXGroup section */
		793FCEFA1B00D35E00FD8D1C = {
			isa = PBXGroup;
			children = (
				793FCF351B00D8EA00FD8D1C /* CoreGraphics.framework */,
				793FCF331B00D8D700FD8D1C /* Foundation.framework */,
				793FCF311B00D8AD00FD8D1C /* UIKit.framework */,
				793FCF2F1B00D49400FD8D1C /* MapKit.framework */,
				793FCF051B00D35E00FD8D1C /* Mapa */,
				793FCF221B00D35E00FD8D1C /* MapaTests */,
				793FCF041B00D35E00FD8D1C /* Products */,
			);
			sourceTree = "<group>";
		};
		793FCF041B00D35E00FD8D1C /* Products */ = {
			isa = PBXGroup;
			children = (
				793FCF031B00D35E00FD8D1C /* MapMovies.app */,
				793FCF1F1B00D35E00FD8D1C /* MapaTests.xctest */,
			);
			name = Products;
			sourceTree = "<group>";
		};
		793FCF051B00D35E00FD8D1C /* Mapa */ = {
			isa = PBXGroup;
			children = (
				793FCF0A1B00D35E00FD8D1C /* AppDelegate.h */,
				793FCF0B1B00D35E00FD8D1C /* AppDelegate.m */,
				793FCF0D1B00D35E00FD8D1C /* FirstViewController.h */,
				793FCF0E1B00D35E00FD8D1C /* FirstViewController.m */,
				7993EAB91B0378E8004D61BE /* SegundaViewController.h */,
				7993EABA1B0378E8004D61BE /* SegundaViewController.m */,
				7967BE551B0298DD0047DB98 /* FilmeStore.h */,
				7967BE561B0298DD0047DB98 /* FilmeStore.m */,
				7967BE581B02990F0047DB98 /* Filme.h */,
				7967BE591B02990F0047DB98 /* Filme.m */,
				7967BE4F1B0292820047DB98 /* Model.xcdatamodeld */,
				799A061F1B01432F0084FA5A /* MapPin.h */,
				799A06201B01432F0084FA5A /* MapPin.m */,
				793FCF131B00D35E00FD8D1C /* Main.storyboard */,
				793FCF161B00D35E00FD8D1C /* Images.xcassets */,
				793FCF181B00D35E00FD8D1C /* LaunchScreen.xib */,
				793FCF061B00D35E00FD8D1C /* Supporting Files */,
			);
			path = Mapa;
			sourceTree = "<group>";
		};
		793FCF061B00D35E00FD8D1C /* Supporting Files */ = {
			isa = PBXGroup;
			children = (
				793FCF071B00D35E00FD8D1C /* Info.plist */,
				793FCF081B00D35E00FD8D1C /* main.m */,
			);
			name = "Supporting Files";
			sourceTree = "<group>";
		};
		793FCF221B00D35E00FD8D1C /* MapaTests */ = {
			isa = PBXGroup;
			children = (
				793FCF251B00D35E00FD8D1C /* MapaTests.m */,
				793FCF231B00D35E00FD8D1C /* Supporting Files */,
			);
			path = MapaTests;
			sourceTree = "<group>";
		};
		793FCF231B00D35E00FD8D1C /* Supporting Files */ = {
			isa = PBXGroup;
			children = (
				793FCF241B00D35E00FD8D1C /* Info.plist */,
			);
			name = "Supporting Files";
			sourceTree = "<group>";
		};
/* End PBXGroup section */

/* Begin PBXNativeTarget section */
		793FCF021B00D35E00FD8D1C /* Mapa */ = {
			isa = PBXNativeTarget;
			buildConfigurationList = 793FCF291B00D35E00FD8D1C /* Build configuration list for PBXNativeTarget "Mapa" */;
			buildPhases = (
				793FCEFF1B00D35E00FD8D1C /* Sources */,
				793FCF001B00D35E00FD8D1C /* Frameworks */,
				793FCF011B00D35E00FD8D1C /* Resources */,
			);
			buildRules = (
			);
			dependencies = (
			);
			name = Mapa;
			productName = Mapa;
			productReference = 793FCF031B00D35E00FD8D1C /* MapMovies.app */;
			productType = "com.apple.product-type.application";
		};
		793FCF1E1B00D35E00FD8D1C /* MapaTests */ = {
			isa = PBXNativeTarget;
			buildConfigurationList = 793FCF2C1B00D35E00FD8D1C /* Build configuration list for PBXNativeTarget "MapaTests" */;
			buildPhases = (
				793FCF1B1B00D35E00FD8D1C /* Sources */,
				793FCF1C1B00D35E00FD8D1C /* Frameworks */,
				793FCF1D1B00D35E00FD8D1C /* Resources */,
			);
			buildRules = (
			);
			dependencies = (
				793FCF211B00D35E00FD8D1C /* PBXTargetDependency */,
			);
			name = MapaTests;
			productName = MapaTests;
			productReference = 793FCF1F1B00D35E00FD8D1C /* MapaTests.xctest */;
			productType = "com.apple.product-type.bundle.unit-test";
		};
/* End PBXNativeTarget section */

/* Begin PBXProject section */
		793FCEFB1B00D35E00FD8D1C /* Project object */ = {
			isa = PBXProject;
			attributes = {
				LastUpgradeCheck = 0630;
				ORGANIZATIONNAME = "Rodrigo DAngelo Silva Machado";
				TargetAttributes = {
					793FCF021B00D35E00FD8D1C = {
						CreatedOnToolsVersion = 6.3.1;
						SystemCapabilities = {
							com.apple.Maps.iOS = {
								enabled = 1;
							};
						};
					};
					793FCF1E1B00D35E00FD8D1C = {
						CreatedOnToolsVersion = 6.3.1;
						TestTargetID = 793FCF021B00D35E00FD8D1C;
					};
				};
			};
			buildConfigurationList = 793FCEFE1B00D35E00FD8D1C /* Build configuration list for PBXProject "Mapa" */;
			compatibilityVersion = "Xcode 3.2";
			developmentRegion = English;
			hasScannedForEncodings = 0;
			knownRegions = (
				en,
				Base,
			);
			mainGroup = 793FCEFA1B00D35E00FD8D1C;
			productRefGroup = 793FCF041B00D35E00FD8D1C /* Products */;
			projectDirPath = "";
			projectRoot = "";
			targets = (
				793FCF021B00D35E00FD8D1C /* Mapa */,
				793FCF1E1B00D35E00FD8D1C /* MapaTests */,
			);
		};
/* End PBXProject section */

/* Begin PBXResourcesBuildPhase section */
		793FCF011B00D35E00FD8D1C /* Resources */ = {
			isa = PBXResourcesBuildPhase;
			buildActionMask = 2147483647;
			files = (
				793FCF151B00D35E00FD8D1C /* Main.storyboard in Resources */,
				793FCF1A1B00D35E00FD8D1C /* LaunchScreen.xib in Resources */,
				793FCF171B00D35E00FD8D1C /* Images.xcassets in Resources */,
			);
			runOnlyForDeploymentPostprocessing = 0;
		};
		793FCF1D1B00D35E00FD8D1C /* Resources */ = {
			isa = PBXResourcesBuildPhase;
			buildActionMask = 2147483647;
			files = (
			);
			runOnlyForDeploymentPostprocessing = 0;
		};
/* End PBXResourcesBuildPhase section */

/* Begin PBXSourcesBuildPhase section */
		793FCEFF1B00D35E00FD8D1C /* Sources */ = {
			isa = PBXSourcesBuildPhase;
			buildActionMask = 2147483647;
			files = (
				7993EABB1B0378E8004D61BE /* SegundaViewController.m in Sources */,
				799A06211B01432F0084FA5A /* MapPin.m in Sources */,
				7967BE571B0298DD0047DB98 /* FilmeStore.m in Sources */,
				793FCF0C1B00D35E00FD8D1C /* AppDelegate.m in Sources */,
				793FCF0F1B00D35E00FD8D1C /* FirstViewController.m in Sources */,
				793FCF091B00D35E00FD8D1C /* main.m in Sources */,
				7967BE511B0292820047DB98 /* Model.xcdatamodeld in Sources */,
				7967BE5A1B02990F0047DB98 /* Filme.m in Sources */,
			);
			runOnlyForDeploymentPostprocessing = 0;
		};
		793FCF1B1B00D35E00FD8D1C /* Sources */ = {
			isa = PBXSourcesBuildPhase;
			buildActionMask = 2147483647;
			files = (
				793FCF261B00D35E00FD8D1C /* MapaTests.m in Sources */,
			);
			runOnlyForDeploymentPostprocessing = 0;
		};
/* End PBXSourcesBuildPhase section */

/* Begin PBXTargetDependency section */
		793FCF211B00D35E00FD8D1C /* PBXTargetDependency */ = {
			isa = PBXTargetDependency;
			target = 793FCF021B00D35E00FD8D1C /* Mapa */;
			targetProxy = 793FCF201B00D35E00FD8D1C /* PBXContainerItemProxy */;
		};
/* End PBXTargetDependency section */

/* Begin PBXVariantGroup section */
		793FCF131B00D35E00FD8D1C /* Main.storyboard */ = {
			isa = PBXVariantGroup;
			children = (
				793FCF141B00D35E00FD8D1C /* Base */,
			);
			name = Main.storyboard;
			sourceTree = "<group>";
		};
		793FCF181B00D35E00FD8D1C /* LaunchScreen.xib */ = {
			isa = PBXVariantGroup;
			children = (
				793FCF191B00D35E00FD8D1C /* Base */,
			);
			name = LaunchScreen.xib;
			sourceTree = "<group>";
		};
/* End PBXVariantGroup section */

/* Begin XCBuildConfiguration section */
		793FCF271B00D35E00FD8D1C /* Debug */ = {
			isa = XCBuildConfiguration;
			buildSettings = {
				ALWAYS_SEARCH_USER_PATHS = NO;
				CLANG_CXX_LANGUAGE_STANDARD = "gnu++0x";
				CLANG_CXX_LIBRARY = "libc++";
				CLANG_ENABLE_MODULES = YES;
				CLANG_ENABLE_OBJC_ARC = YES;
				CLANG_WARN_BOOL_CONVERSION = YES;
				CLANG_WARN_CONSTANT_CONVERSION = YES;
				CLANG_WARN_DIRECT_OBJC_ISA_USAGE = YES_ERROR;
				CLANG_WARN_EMPTY_BODY = YES;
				CLANG_WARN_ENUM_CONVERSION = YES;
				CLANG_WARN_INT_CONVERSION = YES;
				CLANG_WARN_OBJC_ROOT_CLASS = YES_ERROR;
				CLANG_WARN_UNREACHABLE_CODE = YES;
				CLANG_WARN__DUPLICATE_METHOD_MATCH = YES;
				"CODE_SIGN_IDENTITY[sdk=iphoneos*]" = "iPhone Developer";
				COPY_PHASE_STRIP = NO;
				DEBUG_INFORMATION_FORMAT = "dwarf-with-dsym";
				ENABLE_STRICT_OBJC_MSGSEND = YES;
				GCC_C_LANGUAGE_STANDARD = gnu99;
				GCC_DYNAMIC_NO_PIC = NO;
				GCC_NO_COMMON_BLOCKS = YES;
				GCC_OPTIMIZATION_LEVEL = 0;
				GCC_PREPROCESSOR_DEFINITIONS = (
					"DEBUG=1",
					"$(inherited)",
				);
				GCC_SYMBOLS_PRIVATE_EXTERN = NO;
				GCC_WARN_64_TO_32_BIT_CONVERSION = YES;
				GCC_WARN_ABOUT_RETURN_TYPE = YES_ERROR;
				GCC_WARN_UNDECLARED_SELECTOR = YES;
				GCC_WARN_UNINITIALIZED_AUTOS = YES_AGGRESSIVE;
				GCC_WARN_UNUSED_FUNCTION = YES;
				GCC_WARN_UNUSED_VARIABLE = YES;
				IPHONEOS_DEPLOYMENT_TARGET = 8.3;
				MTL_ENABLE_DEBUG_INFO = YES;
				ONLY_ACTIVE_ARCH = YES;
				SDKROOT = iphoneos;
			};
			name = Debug;
		};
		793FCF281B00D35E00FD8D1C /* Release */ = {
			isa = XCBuildConfiguration;
			buildSettings = {
				ALWAYS_SEARCH_USER_PATHS = NO;
				CLANG_CXX_LANGUAGE_STANDARD = "gnu++0x";
				CLANG_CXX_LIBRARY = "libc++";
				CLANG_ENABLE_MODULES = YES;
				CLANG_ENABLE_OBJC_ARC = YES;
				CLANG_WARN_BOOL_CONVERSION = YES;
				CLANG_WARN_CONSTANT_CONVERSION = YES;
				CLANG_WARN_DIRECT_OBJC_ISA_USAGE = YES_ERROR;
				CLANG_WARN_EMPTY_BODY = YES;
				CLANG_WARN_ENUM_CONVERSION = YES;
				CLANG_WARN_INT_CONVERSION = YES;
				CLANG_WARN_OBJC_ROOT_CLASS = YES_ERROR;
				CLANG_WARN_UNREACHABLE_CODE = YES;
				CLANG_WARN__DUPLICATE_METHOD_MATCH = YES;
				"CODE_SIGN_IDENTITY[sdk=iphoneos*]" = "iPhone Developer";
				COPY_PHASE_STRIP = NO;
				DEBUG_INFORMATION_FORMAT = "dwarf-with-dsym";
				ENABLE_NS_ASSERTIONS = NO;
				ENABLE_STRICT_OBJC_MSGSEND = YES;
				GCC_C_LANGUAGE_STANDARD = gnu99;
				GCC_NO_COMMON_BLOCKS = YES;
				GCC_WARN_64_TO_32_BIT_CONVERSION = YES;
				GCC_WARN_ABOUT_RETURN_TYPE = YES_ERROR;
				GCC_WARN_UNDECLARED_SELECTOR = YES;
				GCC_WARN_UNINITIALIZED_AUTOS = YES_AGGRESSIVE;
				GCC_WARN_UNUSED_FUNCTION = YES;
				GCC_WARN_UNUSED_VARIABLE = YES;
				IPHONEOS_DEPLOYMENT_TARGET = 8.3;
				MTL_ENABLE_DEBUG_INFO = NO;
				SDKROOT = iphoneos;
				VALIDATE_PRODUCT = YES;
			};
			name = Release;
		};
		793FCF2A1B00D35E00FD8D1C /* Debug */ = {
			isa = XCBuildConfiguration;
			buildSettings = {
				ASSETCATALOG_COMPILER_APPICON_NAME = AppIcon;
				INFOPLIST_FILE = Mapa/Info.plist;
				IPHONEOS_DEPLOYMENT_TARGET = 8.3;
				LD_RUNPATH_SEARCH_PATHS = "$(inherited) @executable_path/Frameworks";
				PRODUCT_NAME = MapMovies;
			};
			name = Debug;
		};
		793FCF2B1B00D35E00FD8D1C /* Release */ = {
			isa = XCBuildConfiguration;
			buildSettings = {
				ASSETCATALOG_COMPILER_APPICON_NAME = AppIcon;
				INFOPLIST_FILE = Mapa/Info.plist;
				IPHONEOS_DEPLOYMENT_TARGET = 8.3;
				LD_RUNPATH_SEARCH_PATHS = "$(inherited) @executable_path/Frameworks";
				PRODUCT_NAME = MapMovies;
			};
			name = Release;
		};
		793FCF2D1B00D35E00FD8D1C /* Debug */ = {
			isa = XCBuildConfiguration;
			buildSettings = {
				BUNDLE_LOADER = "$(TEST_HOST)";
				FRAMEWORK_SEARCH_PATHS = (
					"$(SDKROOT)/Developer/Library/Frameworks",
					"$(inherited)",
				);
				GCC_PREPROCESSOR_DEFINITIONS = (
					"DEBUG=1",
					"$(inherited)",
				);
				INFOPLIST_FILE = MapaTests/Info.plist;
				LD_RUNPATH_SEARCH_PATHS = "$(inherited) @executable_path/Frameworks @loader_path/Frameworks";
				PRODUCT_NAME = "$(TARGET_NAME)";
				TEST_HOST = "$(BUILT_PRODUCTS_DIR)/Mapa.app/Mapa";
			};
			name = Debug;
		};
		793FCF2E1B00D35E00FD8D1C /* Release */ = {
			isa = XCBuildConfiguration;
			buildSettings = {
				BUNDLE_LOADER = "$(TEST_HOST)";
				FRAMEWORK_SEARCH_PATHS = (
					"$(SDKROOT)/Developer/Library/Frameworks",
					"$(inherited)",
				);
				INFOPLIST_FILE = MapaTests/Info.plist;
				LD_RUNPATH_SEARCH_PATHS = "$(inherited) @executable_path/Frameworks @loader_path/Frameworks";
				PRODUCT_NAME = "$(TARGET_NAME)";
				TEST_HOST = "$(BUILT_PRODUCTS_DIR)/Mapa.app/Mapa";
			};
			name = Release;
		};
/* End XCBuildConfiguration section */

/* Begin XCConfigurationList section */
		793FCEFE1B00D35E00FD8D1C /* Build configuration list for PBXProject "Mapa" */ = {
			isa = XCConfigurationList;
			buildConfigurations = (
				793FCF271B00D35E00FD8D1C /* Debug */,
				793FCF281B00D35E00FD8D1C /* Release */,
			);
			defaultConfigurationIsVisible = 0;
			defaultConfigurationName = Release;
		};
		793FCF291B00D35E00FD8D1C /* Build configuration list for PBXNativeTarget "Mapa" */ = {
			isa = XCConfigurationList;
			buildConfigurations = (
				793FCF2A1B00D35E00FD8D1C /* Debug */,
				793FCF2B1B00D35E00FD8D1C /* Release */,
			);
			defaultConfigurationIsVisible = 0;
			defaultConfigurationName = Release;
		};
		793FCF2C1B00D35E00FD8D1C /* Build configuration list for PBXNativeTarget "MapaTests" */ = {
			isa = XCConfigurationList;
			buildConfigurations = (
				793FCF2D1B00D35E00FD8D1C /* Debug */,
				793FCF2E1B00D35E00FD8D1C /* Release */,
			);
			defaultConfigurationIsVisible = 0;
			defaultConfigurationName = Release;
		};
/* End XCConfigurationList section */

/* Begin XCVersionGroup section */
		7967BE4F1B0292820047DB98 /* Model.xcdatamodeld */ = {
			isa = XCVersionGroup;
			children = (
				7967BE501B0292820047DB98 /* Model.xcdatamodel */,
			);
			currentVersion = 7967BE501B0292820047DB98 /* Model.xcdatamodel */;
			path = Model.xcdatamodeld;
			sourceTree = "<group>";
			versionGroupType = wrapper.xcdatamodel;
		};
/* End XCVersionGroup section */
	};
	rootObject = 793FCEFB1B00D35E00FD8D1C /* Project object */;
}
